{
  "name": "SignalClonePostConfirmation",
  "version": "2.0.0",
  "lockfileVersion": 2,
  "requires": true,
  "packages": {
    "": {
      "name": "SignalClonePostConfirmation",
      "version": "2.0.0",
      "license": "Apache-2.0",
      "dependencies": {
        "axios": "latest"
      }
    },
    "node_modules/axios": {
      "version": "0.21.1",
      "resolved": "https://registry.npmjs.org/axios/-/axios-0.21.1.tgz",
      "integrity": "sha512-dKQiRHxGD9PPRIUNIWvZhPTPpl1rf/OxTYKsqKUDjBwYylTvV7SjSHJb9ratfyzM6wCdLCOYLzs73qpg5c4iGA==",
      "dependencies": {
        "follow-redirects": "^1.10.0"
      }
    },
    "node_modules/follow-redirects": {
      "version": "1.14.2",
      "resolved": "https://registry.npmjs.org/follow-redirects/-/follow-redirects-1.14.2.tgz",
      "integrity": "sha512-yLR6WaE2lbF0x4K2qE2p9PEXKLDjUjnR/xmjS3wHAYxtlsI9MLLBJUZirAHKzUZDGLxje7w/cXR49WOUo4rbsA==",
      "funding": [
        {
          "type": "individual",
          "url": "https://github.com/sponsors/RubenVerborgh"
        }
      ],
      "engines": {
        "node": ">=4.0"
      },
      "peerDependenciesMeta": {
        "debug": {
          "optional": true
        }
      }
    }
  },
  "dependencies": {
    "axios": {
      "version": "0.21.1",
      "resolved": "https://registry.npmjs.org/axios/-/axios-0.21.1.tgz",
      "integrity": "sha512-dKQiRHxGD9PPRIUNIWvZhPTPpl1rf/OxTYKsqKUDjBwYylTvV7SjSHJb9ratfyzM6wCdLCOYLzs73qpg5c4iGA==",
      "requires": {
        "follow-redirects": "^1.10.0"
      }
    },
    "follow-redirects": {
      "version": "1.14.2",
      "resolved": "https://registry.npmjs.org/follow-redirects/-/follow-redirects-1.14.2.tgz",
      "integrity": "sha512-yLR6WaE2lbF0x4K2qE2p9PEXKLDjUjnR/xmjS3wHAYxtlsI9MLLBJUZirAHKzUZDGLxje7w/cXR49WOUo4rbsA=="
    }
  }
}
